// !$*UTF8*$!
{
	archiveVersion = 1;
	classes = {
	};
	objectVersion = 46;
	objects = {

/* Begin PBXBuildFile section */
		FC16BE261F87F84200065602 /* DataElementFormatable.swift in Sources */ = {isa = PBXBuildFile; fileRef = FCB324951F87E755006AF035 /* DataElementFormatable.swift */; };
		FC16BE281F87F99900065602 /* DAUTests.swift in Sources */ = {isa = PBXBuildFile; fileRef = FC16BE271F87F99900065602 /* DAUTests.swift */; };
		FC16BE2A1F87FA4300065602 /* DCSTests.swift in Sources */ = {isa = PBXBuildFile; fileRef = FC16BE291F87FA4300065602 /* DCSTests.swift */; };
		FC16BE2C1F87FABB00065602 /* DACTests.swift in Sources */ = {isa = PBXBuildFile; fileRef = FC16BE2B1F87FABB00065602 /* DACTests.swift */; };
		FC16BE2E1F87FAF500065602 /* DADTests.swift in Sources */ = {isa = PBXBuildFile; fileRef = FC16BE2D1F87FAF500065602 /* DADTests.swift */; };
		FC16BE301F87FB5900065602 /* DBDTests.swift in Sources */ = {isa = PBXBuildFile; fileRef = FC16BE2F1F87FB5900065602 /* DBDTests.swift */; };
		FC16BE351F87FFA500065602 /* DBBTests.swift in Sources */ = {isa = PBXBuildFile; fileRef = FC16BE341F87FFA500065602 /* DBBTests.swift */; };
		FC16BE371F88000C00065602 /* DBCTests.swift in Sources */ = {isa = PBXBuildFile; fileRef = FC16BE361F88000C00065602 /* DBCTests.swift */; };
		FC16BE391F88008B00065602 /* DAYTests.swift in Sources */ = {isa = PBXBuildFile; fileRef = FC16BE381F88008B00065602 /* DAYTests.swift */; };
		FC16BE3B1F8800BD00065602 /* DataElementEyeColor.swift in Sources */ = {isa = PBXBuildFile; fileRef = FC16BE3A1F8800BD00065602 /* DataElementEyeColor.swift */; };
		FC16BE3C1F8801CB00065602 /* DataElementEyeColor.swift in Sources */ = {isa = PBXBuildFile; fileRef = FC16BE3A1F8800BD00065602 /* DataElementEyeColor.swift */; };
		FC16BE3E1F8819A100065602 /* DAKTests.swift in Sources */ = {isa = PBXBuildFile; fileRef = FC16BE3D1F8819A100065602 /* DAKTests.swift */; };
		FC30F6E71F868A21002C5657 /* Header.swift in Sources */ = {isa = PBXBuildFile; fileRef = FC30F6E61F868A21002C5657 /* Header.swift */; };
		FC30F6E81F868A21002C5657 /* Header.swift in Sources */ = {isa = PBXBuildFile; fileRef = FC30F6E61F868A21002C5657 /* Header.swift */; };
		FC30F6EA1F868B04002C5657 /* HeaderTests.swift in Sources */ = {isa = PBXBuildFile; fileRef = FC30F6E91F868B04002C5657 /* HeaderTests.swift */; };
		FC30F6EC1F869732002C5657 /* DataElement.swift in Sources */ = {isa = PBXBuildFile; fileRef = FC30F6EB1F869732002C5657 /* DataElement.swift */; };
		FC30F6ED1F869732002C5657 /* DataElement.swift in Sources */ = {isa = PBXBuildFile; fileRef = FC30F6EB1F869732002C5657 /* DataElement.swift */; };
		FC30F6EF1F8697CB002C5657 /* DataElementTests.swift in Sources */ = {isa = PBXBuildFile; fileRef = FC30F6EE1F8697CB002C5657 /* DataElementTests.swift */; };
		FC30F6F11F86C888002C5657 /* DataElementFormatter.swift in Sources */ = {isa = PBXBuildFile; fileRef = FC30F6F01F86C888002C5657 /* DataElementFormatter.swift */; };
		FC30F6F21F86C888002C5657 /* DataElementFormatter.swift in Sources */ = {isa = PBXBuildFile; fileRef = FC30F6F01F86C888002C5657 /* DataElementFormatter.swift */; };
		FC30F6FA1F86CC74002C5657 /* DCA.swift in Sources */ = {isa = PBXBuildFile; fileRef = FC30F6F91F86CC74002C5657 /* DCA.swift */; };
		FC30F6FB1F86CC74002C5657 /* DCA.swift in Sources */ = {isa = PBXBuildFile; fileRef = FC30F6F91F86CC74002C5657 /* DCA.swift */; };
		FC30F6FE1F86D252002C5657 /* DCB.swift in Sources */ = {isa = PBXBuildFile; fileRef = FC30F6FD1F86D252002C5657 /* DCB.swift */; };
		FC30F6FF1F86D252002C5657 /* DCB.swift in Sources */ = {isa = PBXBuildFile; fileRef = FC30F6FD1F86D252002C5657 /* DCB.swift */; };
		FC30F7011F86D28D002C5657 /* DCD.swift in Sources */ = {isa = PBXBuildFile; fileRef = FC30F7001F86D28D002C5657 /* DCD.swift */; };
		FC30F7021F86D28D002C5657 /* DCD.swift in Sources */ = {isa = PBXBuildFile; fileRef = FC30F7001F86D28D002C5657 /* DCD.swift */; };
		FC30F7041F86D2BE002C5657 /* DBA.swift in Sources */ = {isa = PBXBuildFile; fileRef = FC30F7031F86D2BE002C5657 /* DBA.swift */; };
		FC30F7051F86D2BE002C5657 /* DBA.swift in Sources */ = {isa = PBXBuildFile; fileRef = FC30F7031F86D2BE002C5657 /* DBA.swift */; };
		FC30F7081F86D458002C5657 /* DCS.swift in Sources */ = {isa = PBXBuildFile; fileRef = FC30F7071F86D458002C5657 /* DCS.swift */; };
		FC30F7091F86D458002C5657 /* DCS.swift in Sources */ = {isa = PBXBuildFile; fileRef = FC30F7071F86D458002C5657 /* DCS.swift */; };
		FC30F70B1F86D460002C5657 /* DAC.swift in Sources */ = {isa = PBXBuildFile; fileRef = FC30F70A1F86D460002C5657 /* DAC.swift */; };
		FC30F70C1F86D460002C5657 /* DAC.swift in Sources */ = {isa = PBXBuildFile; fileRef = FC30F70A1F86D460002C5657 /* DAC.swift */; };
		FC30F70E1F86D46C002C5657 /* DAD.swift in Sources */ = {isa = PBXBuildFile; fileRef = FC30F70D1F86D46C002C5657 /* DAD.swift */; };
		FC30F70F1F86D46C002C5657 /* DAD.swift in Sources */ = {isa = PBXBuildFile; fileRef = FC30F70D1F86D46C002C5657 /* DAD.swift */; };
		FC30F7111F86D473002C5657 /* DBD.swift in Sources */ = {isa = PBXBuildFile; fileRef = FC30F7101F86D473002C5657 /* DBD.swift */; };
		FC30F7121F86D473002C5657 /* DBD.swift in Sources */ = {isa = PBXBuildFile; fileRef = FC30F7101F86D473002C5657 /* DBD.swift */; };
		FC30F7141F86D47D002C5657 /* DBB.swift in Sources */ = {isa = PBXBuildFile; fileRef = FC30F7131F86D47D002C5657 /* DBB.swift */; };
		FC30F7151F86D47D002C5657 /* DBB.swift in Sources */ = {isa = PBXBuildFile; fileRef = FC30F7131F86D47D002C5657 /* DBB.swift */; };
		FC30F7171F86D485002C5657 /* DBC.swift in Sources */ = {isa = PBXBuildFile; fileRef = FC30F7161F86D485002C5657 /* DBC.swift */; };
		FC30F7181F86D485002C5657 /* DBC.swift in Sources */ = {isa = PBXBuildFile; fileRef = FC30F7161F86D485002C5657 /* DBC.swift */; };
		FC30F71A1F86D48E002C5657 /* DAY.swift in Sources */ = {isa = PBXBuildFile; fileRef = FC30F7191F86D48E002C5657 /* DAY.swift */; };
		FC30F71B1F86D48E002C5657 /* DAY.swift in Sources */ = {isa = PBXBuildFile; fileRef = FC30F7191F86D48E002C5657 /* DAY.swift */; };
		FC30F71D1F86D495002C5657 /* DAU.swift in Sources */ = {isa = PBXBuildFile; fileRef = FC30F71C1F86D495002C5657 /* DAU.swift */; };
		FC30F71E1F86D495002C5657 /* DAU.swift in Sources */ = {isa = PBXBuildFile; fileRef = FC30F71C1F86D495002C5657 /* DAU.swift */; };
		FC30F7201F86D49C002C5657 /* DAG.swift in Sources */ = {isa = PBXBuildFile; fileRef = FC30F71F1F86D49C002C5657 /* DAG.swift */; };
		FC30F7211F86D49C002C5657 /* DAG.swift in Sources */ = {isa = PBXBuildFile; fileRef = FC30F71F1F86D49C002C5657 /* DAG.swift */; };
		FC30F7231F86D4A7002C5657 /* DAI.swift in Sources */ = {isa = PBXBuildFile; fileRef = FC30F7221F86D4A7002C5657 /* DAI.swift */; };
		FC30F7241F86D4A7002C5657 /* DAI.swift in Sources */ = {isa = PBXBuildFile; fileRef = FC30F7221F86D4A7002C5657 /* DAI.swift */; };
		FC30F7261F86D4B0002C5657 /* DAJ.swift in Sources */ = {isa = PBXBuildFile; fileRef = FC30F7251F86D4B0002C5657 /* DAJ.swift */; };
		FC30F7271F86D4B0002C5657 /* DAJ.swift in Sources */ = {isa = PBXBuildFile; fileRef = FC30F7251F86D4B0002C5657 /* DAJ.swift */; };
		FC30F7291F86D4B9002C5657 /* DAK.swift in Sources */ = {isa = PBXBuildFile; fileRef = FC30F7281F86D4B9002C5657 /* DAK.swift */; };
		FC30F72A1F86D4B9002C5657 /* DAK.swift in Sources */ = {isa = PBXBuildFile; fileRef = FC30F7281F86D4B9002C5657 /* DAK.swift */; };
		FC30F72C1F86D4C1002C5657 /* DAQ.swift in Sources */ = {isa = PBXBuildFile; fileRef = FC30F72B1F86D4C1002C5657 /* DAQ.swift */; };
		FC30F72D1F86D4C1002C5657 /* DAQ.swift in Sources */ = {isa = PBXBuildFile; fileRef = FC30F72B1F86D4C1002C5657 /* DAQ.swift */; };
		FC30F72F1F86D4CA002C5657 /* DCF.swift in Sources */ = {isa = PBXBuildFile; fileRef = FC30F72E1F86D4CA002C5657 /* DCF.swift */; };
		FC30F7301F86D4CA002C5657 /* DCF.swift in Sources */ = {isa = PBXBuildFile; fileRef = FC30F72E1F86D4CA002C5657 /* DCF.swift */; };
		FC30F7321F86D4D0002C5657 /* DCG.swift in Sources */ = {isa = PBXBuildFile; fileRef = FC30F7311F86D4D0002C5657 /* DCG.swift */; };
		FC30F7331F86D4D0002C5657 /* DCG.swift in Sources */ = {isa = PBXBuildFile; fileRef = FC30F7311F86D4D0002C5657 /* DCG.swift */; };
		FC30F7351F86D4D7002C5657 /* DDE.swift in Sources */ = {isa = PBXBuildFile; fileRef = FC30F7341F86D4D7002C5657 /* DDE.swift */; };
		FC30F7361F86D4D7002C5657 /* DDE.swift in Sources */ = {isa = PBXBuildFile; fileRef = FC30F7341F86D4D7002C5657 /* DDE.swift */; };
		FC30F7381F86D4DD002C5657 /* DDF.swift in Sources */ = {isa = PBXBuildFile; fileRef = FC30F7371F86D4DD002C5657 /* DDF.swift */; };
		FC30F7391F86D4DD002C5657 /* DDF.swift in Sources */ = {isa = PBXBuildFile; fileRef = FC30F7371F86D4DD002C5657 /* DDF.swift */; };
		FC30F73B1F86D4E4002C5657 /* DDG.swift in Sources */ = {isa = PBXBuildFile; fileRef = FC30F73A1F86D4E4002C5657 /* DDG.swift */; };
		FC30F73C1F86D4E4002C5657 /* DDG.swift in Sources */ = {isa = PBXBuildFile; fileRef = FC30F73A1F86D4E4002C5657 /* DDG.swift */; };
		FC30F73E1F86D56A002C5657 /* DCGTests.swift in Sources */ = {isa = PBXBuildFile; fileRef = FC30F73D1F86D56A002C5657 /* DCGTests.swift */; };
		FC5333F91F8679E200D546F1 /* AppDelegate.swift in Sources */ = {isa = PBXBuildFile; fileRef = FC5333F81F8679E200D546F1 /* AppDelegate.swift */; };
		FC5333FB1F8679E200D546F1 /* ViewController.swift in Sources */ = {isa = PBXBuildFile; fileRef = FC5333FA1F8679E200D546F1 /* ViewController.swift */; };
		FC5333FD1F8679E200D546F1 /* Document.swift in Sources */ = {isa = PBXBuildFile; fileRef = FC5333FC1F8679E200D546F1 /* Document.swift */; };
		FC5333FF1F8679E200D546F1 /* Assets.xcassets in Resources */ = {isa = PBXBuildFile; fileRef = FC5333FE1F8679E200D546F1 /* Assets.xcassets */; };
		FC5334021F8679E200D546F1 /* Main.storyboard in Resources */ = {isa = PBXBuildFile; fileRef = FC5334001F8679E200D546F1 /* Main.storyboard */; };
		FC53340D1F8679E200D546F1 /* BarcodeTests.swift in Sources */ = {isa = PBXBuildFile; fileRef = FC53340C1F8679E200D546F1 /* BarcodeTests.swift */; };
		FC5334181F867A4F00D546F1 /* Barcode.swift in Sources */ = {isa = PBXBuildFile; fileRef = FC5334171F867A4F00D546F1 /* Barcode.swift */; };
		FC53341A1F867B3E00D546F1 /* Barcode.swift in Sources */ = {isa = PBXBuildFile; fileRef = FC5334171F867A4F00D546F1 /* Barcode.swift */; };
		FCB3248D1F87D40A006AF035 /* DataElementFormatterTests.swift in Sources */ = {isa = PBXBuildFile; fileRef = FCB3248C1F87D40A006AF035 /* DataElementFormatterTests.swift */; };
		FCB3248E1F87D4AE006AF035 /* DataElementGender.swift in Sources */ = {isa = PBXBuildFile; fileRef = FCC617611F87CE40002820C5 /* DataElementGender.swift */; };
		FCB3248F1F87D4B0006AF035 /* DataElementCardType.swift in Sources */ = {isa = PBXBuildFile; fileRef = FCC617631F87CE53002820C5 /* DataElementCardType.swift */; };
		FCB324901F87D4B1006AF035 /* DataElementLengthType.swift in Sources */ = {isa = PBXBuildFile; fileRef = FCC617651F87CE6B002820C5 /* DataElementLengthType.swift */; };
		FCB324911F87D525006AF035 /* DataElementCountryIdentificationCode.swift in Sources */ = {isa = PBXBuildFile; fileRef = FCC6175F1F87CE29002820C5 /* DataElementCountryIdentificationCode.swift */; };
		FCB324921F87D531006AF035 /* DataElementTruncation.swift in Sources */ = {isa = PBXBuildFile; fileRef = FCC6175D1F87CDE8002820C5 /* DataElementTruncation.swift */; };
		FCB324941F87D59A006AF035 /* DataElementLengthTypeTests.swift in Sources */ = {isa = PBXBuildFile; fileRef = FCB324931F87D59A006AF035 /* DataElementLengthTypeTests.swift */; };
		FCB324961F87E755006AF035 /* DataElementFormatable.swift in Sources */ = {isa = PBXBuildFile; fileRef = FCB324951F87E755006AF035 /* DataElementFormatable.swift */; };
		FCB3249A1F87E88F006AF035 /* DDETests.swift in Sources */ = {isa = PBXBuildFile; fileRef = FCB324991F87E88F006AF035 /* DDETests.swift */; };
		FCC6175E1F87CDE8002820C5 /* DataElementTruncation.swift in Sources */ = {isa = PBXBuildFile; fileRef = FCC6175D1F87CDE8002820C5 /* DataElementTruncation.swift */; };
		FCC617601F87CE29002820C5 /* DataElementCountryIdentificationCode.swift in Sources */ = {isa = PBXBuildFile; fileRef = FCC6175F1F87CE29002820C5 /* DataElementCountryIdentificationCode.swift */; };
		FCC617621F87CE40002820C5 /* DataElementGender.swift in Sources */ = {isa = PBXBuildFile; fileRef = FCC617611F87CE40002820C5 /* DataElementGender.swift */; };
		FCC617641F87CE53002820C5 /* DataElementCardType.swift in Sources */ = {isa = PBXBuildFile; fileRef = FCC617631F87CE53002820C5 /* DataElementCardType.swift */; };
		FCC617661F87CE6B002820C5 /* DataElementLengthType.swift in Sources */ = {isa = PBXBuildFile; fileRef = FCC617651F87CE6B002820C5 /* DataElementLengthType.swift */; };
		FCDFB1F71F87B167003FBC60 /* DCATests.swift in Sources */ = {isa = PBXBuildFile; fileRef = FCDFB1F61F87B167003FBC60 /* DCATests.swift */; };
/* End PBXBuildFile section */

/* Begin PBXContainerItemProxy section */
		FC5334091F8679E200D546F1 /* PBXContainerItemProxy */ = {
			isa = PBXContainerItemProxy;
			containerPortal = FC5333ED1F8679E200D546F1 /* Project object */;
			proxyType = 1;
			remoteGlobalIDString = FC5333F41F8679E200D546F1;
			remoteInfo = DriversLicenseBarcodeGenerator;
		};
/* End PBXContainerItemProxy section */

/* Begin PBXFileReference section */
		FC16BE271F87F99900065602 /* DAUTests.swift */ = {isa = PBXFileReference; lastKnownFileType = sourcecode.swift; path = DAUTests.swift; sourceTree = "<group>"; };
		FC16BE291F87FA4300065602 /* DCSTests.swift */ = {isa = PBXFileReference; lastKnownFileType = sourcecode.swift; path = DCSTests.swift; sourceTree = "<group>"; };
		FC16BE2B1F87FABB00065602 /* DACTests.swift */ = {isa = PBXFileReference; lastKnownFileType = sourcecode.swift; path = DACTests.swift; sourceTree = "<group>"; };
		FC16BE2D1F87FAF500065602 /* DADTests.swift */ = {isa = PBXFileReference; lastKnownFileType = sourcecode.swift; path = DADTests.swift; sourceTree = "<group>"; };
		FC16BE2F1F87FB5900065602 /* DBDTests.swift */ = {isa = PBXFileReference; lastKnownFileType = sourcecode.swift; path = DBDTests.swift; sourceTree = "<group>"; };
		FC16BE341F87FFA500065602 /* DBBTests.swift */ = {isa = PBXFileReference; lastKnownFileType = sourcecode.swift; path = DBBTests.swift; sourceTree = "<group>"; };
		FC16BE361F88000C00065602 /* DBCTests.swift */ = {isa = PBXFileReference; lastKnownFileType = sourcecode.swift; path = DBCTests.swift; sourceTree = "<group>"; };
		FC16BE381F88008B00065602 /* DAYTests.swift */ = {isa = PBXFileReference; lastKnownFileType = sourcecode.swift; path = DAYTests.swift; sourceTree = "<group>"; };
		FC16BE3A1F8800BD00065602 /* DataElementEyeColor.swift */ = {isa = PBXFileReference; lastKnownFileType = sourcecode.swift; path = DataElementEyeColor.swift; sourceTree = "<group>"; };
		FC16BE3D1F8819A100065602 /* DAKTests.swift */ = {isa = PBXFileReference; lastKnownFileType = sourcecode.swift; path = DAKTests.swift; sourceTree = "<group>"; };
		FC30F6E61F868A21002C5657 /* Header.swift */ = {isa = PBXFileReference; fileEncoding = 4; lastKnownFileType = sourcecode.swift; path = Header.swift; sourceTree = "<group>"; };
		FC30F6E91F868B04002C5657 /* HeaderTests.swift */ = {isa = PBXFileReference; fileEncoding = 4; lastKnownFileType = sourcecode.swift; path = HeaderTests.swift; sourceTree = "<group>"; };
		FC30F6EB1F869732002C5657 /* DataElement.swift */ = {isa = PBXFileReference; fileEncoding = 4; lastKnownFileType = sourcecode.swift; path = DataElement.swift; sourceTree = "<group>"; };
		FC30F6EE1F8697CB002C5657 /* DataElementTests.swift */ = {isa = PBXFileReference; fileEncoding = 4; lastKnownFileType = sourcecode.swift; path = DataElementTests.swift; sourceTree = "<group>"; };
		FC30F6F01F86C888002C5657 /* DataElementFormatter.swift */ = {isa = PBXFileReference; fileEncoding = 4; lastKnownFileType = sourcecode.swift; path = DataElementFormatter.swift; sourceTree = "<group>"; };
		FC30F6F91F86CC74002C5657 /* DCA.swift */ = {isa = PBXFileReference; fileEncoding = 4; lastKnownFileType = sourcecode.swift; path = DCA.swift; sourceTree = "<group>"; };
		FC30F6FD1F86D252002C5657 /* DCB.swift */ = {isa = PBXFileReference; fileEncoding = 4; lastKnownFileType = sourcecode.swift; path = DCB.swift; sourceTree = "<group>"; };
		FC30F7001F86D28D002C5657 /* DCD.swift */ = {isa = PBXFileReference; fileEncoding = 4; lastKnownFileType = sourcecode.swift; path = DCD.swift; sourceTree = "<group>"; };
		FC30F7031F86D2BE002C5657 /* DBA.swift */ = {isa = PBXFileReference; fileEncoding = 4; lastKnownFileType = sourcecode.swift; path = DBA.swift; sourceTree = "<group>"; };
		FC30F7071F86D458002C5657 /* DCS.swift */ = {isa = PBXFileReference; fileEncoding = 4; lastKnownFileType = sourcecode.swift; path = DCS.swift; sourceTree = "<group>"; };
		FC30F70A1F86D460002C5657 /* DAC.swift */ = {isa = PBXFileReference; fileEncoding = 4; lastKnownFileType = sourcecode.swift; path = DAC.swift; sourceTree = "<group>"; };
		FC30F70D1F86D46C002C5657 /* DAD.swift */ = {isa = PBXFileReference; fileEncoding = 4; lastKnownFileType = sourcecode.swift; path = DAD.swift; sourceTree = "<group>"; };
		FC30F7101F86D473002C5657 /* DBD.swift */ = {isa = PBXFileReference; fileEncoding = 4; lastKnownFileType = sourcecode.swift; path = DBD.swift; sourceTree = "<group>"; };
		FC30F7131F86D47D002C5657 /* DBB.swift */ = {isa = PBXFileReference; fileEncoding = 4; lastKnownFileType = sourcecode.swift; path = DBB.swift; sourceTree = "<group>"; };
		FC30F7161F86D485002C5657 /* DBC.swift */ = {isa = PBXFileReference; fileEncoding = 4; lastKnownFileType = sourcecode.swift; path = DBC.swift; sourceTree = "<group>"; };
		FC30F7191F86D48E002C5657 /* DAY.swift */ = {isa = PBXFileReference; fileEncoding = 4; lastKnownFileType = sourcecode.swift; path = DAY.swift; sourceTree = "<group>"; };
		FC30F71C1F86D495002C5657 /* DAU.swift */ = {isa = PBXFileReference; fileEncoding = 4; lastKnownFileType = sourcecode.swift; path = DAU.swift; sourceTree = "<group>"; };
		FC30F71F1F86D49C002C5657 /* DAG.swift */ = {isa = PBXFileReference; fileEncoding = 4; lastKnownFileType = sourcecode.swift; path = DAG.swift; sourceTree = "<group>"; };
		FC30F7221F86D4A7002C5657 /* DAI.swift */ = {isa = PBXFileReference; fileEncoding = 4; lastKnownFileType = sourcecode.swift; path = DAI.swift; sourceTree = "<group>"; };
		FC30F7251F86D4B0002C5657 /* DAJ.swift */ = {isa = PBXFileReference; fileEncoding = 4; lastKnownFileType = sourcecode.swift; path = DAJ.swift; sourceTree = "<group>"; };
		FC30F7281F86D4B9002C5657 /* DAK.swift */ = {isa = PBXFileReference; fileEncoding = 4; lastKnownFileType = sourcecode.swift; path = DAK.swift; sourceTree = "<group>"; };
		FC30F72B1F86D4C1002C5657 /* DAQ.swift */ = {isa = PBXFileReference; fileEncoding = 4; lastKnownFileType = sourcecode.swift; path = DAQ.swift; sourceTree = "<group>"; };
		FC30F72E1F86D4CA002C5657 /* DCF.swift */ = {isa = PBXFileReference; fileEncoding = 4; lastKnownFileType = sourcecode.swift; path = DCF.swift; sourceTree = "<group>"; };
		FC30F7311F86D4D0002C5657 /* DCG.swift */ = {isa = PBXFileReference; fileEncoding = 4; lastKnownFileType = sourcecode.swift; path = DCG.swift; sourceTree = "<group>"; };
		FC30F7341F86D4D7002C5657 /* DDE.swift */ = {isa = PBXFileReference; fileEncoding = 4; lastKnownFileType = sourcecode.swift; path = DDE.swift; sourceTree = "<group>"; };
		FC30F7371F86D4DD002C5657 /* DDF.swift */ = {isa = PBXFileReference; fileEncoding = 4; lastKnownFileType = sourcecode.swift; path = DDF.swift; sourceTree = "<group>"; };
		FC30F73A1F86D4E4002C5657 /* DDG.swift */ = {isa = PBXFileReference; fileEncoding = 4; lastKnownFileType = sourcecode.swift; path = DDG.swift; sourceTree = "<group>"; };
		FC30F73D1F86D56A002C5657 /* DCGTests.swift */ = {isa = PBXFileReference; fileEncoding = 4; lastKnownFileType = sourcecode.swift; path = DCGTests.swift; sourceTree = "<group>"; };
		FC5333F51F8679E200D546F1 /* DriversLicenseBarcodeGenerator.app */ = {isa = PBXFileReference; explicitFileType = wrapper.application; includeInIndex = 0; path = DriversLicenseBarcodeGenerator.app; sourceTree = BUILT_PRODUCTS_DIR; };
		FC5333F81F8679E200D546F1 /* AppDelegate.swift */ = {isa = PBXFileReference; lastKnownFileType = sourcecode.swift; path = AppDelegate.swift; sourceTree = "<group>"; };
		FC5333FA1F8679E200D546F1 /* ViewController.swift */ = {isa = PBXFileReference; lastKnownFileType = sourcecode.swift; path = ViewController.swift; sourceTree = "<group>"; };
		FC5333FC1F8679E200D546F1 /* Document.swift */ = {isa = PBXFileReference; lastKnownFileType = sourcecode.swift; path = Document.swift; sourceTree = "<group>"; };
		FC5333FE1F8679E200D546F1 /* Assets.xcassets */ = {isa = PBXFileReference; lastKnownFileType = folder.assetcatalog; path = Assets.xcassets; sourceTree = "<group>"; };
		FC5334011F8679E200D546F1 /* Base */ = {isa = PBXFileReference; lastKnownFileType = file.storyboard; name = Base; path = Base.lproj/Main.storyboard; sourceTree = "<group>"; };
		FC5334031F8679E200D546F1 /* Info.plist */ = {isa = PBXFileReference; lastKnownFileType = text.plist.xml; path = Info.plist; sourceTree = "<group>"; };
		FC5334081F8679E200D546F1 /* DriversLicenseBarcodeGeneratorTests.xctest */ = {isa = PBXFileReference; explicitFileType = wrapper.cfbundle; includeInIndex = 0; path = DriversLicenseBarcodeGeneratorTests.xctest; sourceTree = BUILT_PRODUCTS_DIR; };
		FC53340C1F8679E200D546F1 /* BarcodeTests.swift */ = {isa = PBXFileReference; lastKnownFileType = sourcecode.swift; path = BarcodeTests.swift; sourceTree = "<group>"; };
		FC53340E1F8679E200D546F1 /* Info.plist */ = {isa = PBXFileReference; lastKnownFileType = text.plist.xml; path = Info.plist; sourceTree = "<group>"; };
		FC5334171F867A4F00D546F1 /* Barcode.swift */ = {isa = PBXFileReference; fileEncoding = 4; lastKnownFileType = sourcecode.swift; path = Barcode.swift; sourceTree = "<group>"; };
		FCB3248C1F87D40A006AF035 /* DataElementFormatterTests.swift */ = {isa = PBXFileReference; lastKnownFileType = sourcecode.swift; path = DataElementFormatterTests.swift; sourceTree = "<group>"; };
		FCB324931F87D59A006AF035 /* DataElementLengthTypeTests.swift */ = {isa = PBXFileReference; lastKnownFileType = sourcecode.swift; path = DataElementLengthTypeTests.swift; sourceTree = "<group>"; };
		FCB324951F87E755006AF035 /* DataElementFormatable.swift */ = {isa = PBXFileReference; lastKnownFileType = sourcecode.swift; path = DataElementFormatable.swift; sourceTree = "<group>"; };
		FCB324991F87E88F006AF035 /* DDETests.swift */ = {isa = PBXFileReference; lastKnownFileType = sourcecode.swift; path = DDETests.swift; sourceTree = "<group>"; };
		FCC6175D1F87CDE8002820C5 /* DataElementTruncation.swift */ = {isa = PBXFileReference; lastKnownFileType = sourcecode.swift; path = DataElementTruncation.swift; sourceTree = "<group>"; };
		FCC6175F1F87CE29002820C5 /* DataElementCountryIdentificationCode.swift */ = {isa = PBXFileReference; lastKnownFileType = sourcecode.swift; path = DataElementCountryIdentificationCode.swift; sourceTree = "<group>"; };
		FCC617611F87CE40002820C5 /* DataElementGender.swift */ = {isa = PBXFileReference; lastKnownFileType = sourcecode.swift; path = DataElementGender.swift; sourceTree = "<group>"; };
		FCC617631F87CE53002820C5 /* DataElementCardType.swift */ = {isa = PBXFileReference; lastKnownFileType = sourcecode.swift; path = DataElementCardType.swift; sourceTree = "<group>"; };
		FCC617651F87CE6B002820C5 /* DataElementLengthType.swift */ = {isa = PBXFileReference; lastKnownFileType = sourcecode.swift; path = DataElementLengthType.swift; sourceTree = "<group>"; };
		FCDFB1F61F87B167003FBC60 /* DCATests.swift */ = {isa = PBXFileReference; lastKnownFileType = sourcecode.swift; path = DCATests.swift; sourceTree = "<group>"; };
/* End PBXFileReference section */

/* Begin PBXFrameworksBuildPhase section */
		FC5333F21F8679E200D546F1 /* Frameworks */ = {
			isa = PBXFrameworksBuildPhase;
			buildActionMask = 2147483647;
			files = (
			);
			runOnlyForDeploymentPostprocessing = 0;
		};
		FC5334051F8679E200D546F1 /* Frameworks */ = {
			isa = PBXFrameworksBuildPhase;
			buildActionMask = 2147483647;
			files = (
			);
			runOnlyForDeploymentPostprocessing = 0;
		};
/* End PBXFrameworksBuildPhase section */

/* Begin PBXGroup section */
		FC30F6FC1F86D132002C5657 /* Data Elements */ = {
			isa = PBXGroup;
			children = (
				FC30F70A1F86D460002C5657 /* DAC.swift */,
				FC30F70D1F86D46C002C5657 /* DAD.swift */,
				FC30F71F1F86D49C002C5657 /* DAG.swift */,
				FC30F7221F86D4A7002C5657 /* DAI.swift */,
				FC30F7251F86D4B0002C5657 /* DAJ.swift */,
				FC30F7281F86D4B9002C5657 /* DAK.swift */,
				FC30F72B1F86D4C1002C5657 /* DAQ.swift */,
				FC30F71C1F86D495002C5657 /* DAU.swift */,
				FC30F7191F86D48E002C5657 /* DAY.swift */,
				FC30F7031F86D2BE002C5657 /* DBA.swift */,
				FC30F7131F86D47D002C5657 /* DBB.swift */,
				FC30F7161F86D485002C5657 /* DBC.swift */,
				FC30F7101F86D473002C5657 /* DBD.swift */,
				FC30F6F91F86CC74002C5657 /* DCA.swift */,
				FC30F6FD1F86D252002C5657 /* DCB.swift */,
				FC30F7001F86D28D002C5657 /* DCD.swift */,
				FC30F72E1F86D4CA002C5657 /* DCF.swift */,
				FC30F7311F86D4D0002C5657 /* DCG.swift */,
				FC30F7071F86D458002C5657 /* DCS.swift */,
				FC30F7341F86D4D7002C5657 /* DDE.swift */,
				FC30F7371F86D4DD002C5657 /* DDF.swift */,
				FC30F73A1F86D4E4002C5657 /* DDG.swift */,
			);
			name = "Data Elements";
			sourceTree = "<group>";
		};
		FC30F73F1F86D56E002C5657 /* Data Elements */ = {
			isa = PBXGroup;
			children = (
				FCB324991F87E88F006AF035 /* DDETests.swift */,
				FC16BE271F87F99900065602 /* DAUTests.swift */,
				FCDFB1F61F87B167003FBC60 /* DCATests.swift */,
				FC30F73D1F86D56A002C5657 /* DCGTests.swift */,
				FC16BE291F87FA4300065602 /* DCSTests.swift */,
				FC16BE2B1F87FABB00065602 /* DACTests.swift */,
				FC16BE2D1F87FAF500065602 /* DADTests.swift */,
				FC16BE2F1F87FB5900065602 /* DBDTests.swift */,
				FC16BE341F87FFA500065602 /* DBBTests.swift */,
				FC16BE361F88000C00065602 /* DBCTests.swift */,
				FC16BE381F88008B00065602 /* DAYTests.swift */,
				FC16BE3D1F8819A100065602 /* DAKTests.swift */,
			);
			name = "Data Elements";
			sourceTree = "<group>";
		};
		FC5333EC1F8679E200D546F1 = {
			isa = PBXGroup;
			children = (
				FC5333F71F8679E200D546F1 /* DriversLicenseBarcodeGenerator */,
				FC53340B1F8679E200D546F1 /* DriversLicenseBarcodeGeneratorTests */,
				FC5333F61F8679E200D546F1 /* Products */,
			);
			sourceTree = "<group>";
		};
		FC5333F61F8679E200D546F1 /* Products */ = {
			isa = PBXGroup;
			children = (
				FC5333F51F8679E200D546F1 /* DriversLicenseBarcodeGenerator.app */,
				FC5334081F8679E200D546F1 /* DriversLicenseBarcodeGeneratorTests.xctest */,
			);
			name = Products;
			sourceTree = "<group>";
		};
		FC5333F71F8679E200D546F1 /* DriversLicenseBarcodeGenerator */ = {
			isa = PBXGroup;
			children = (
				FC5333F81F8679E200D546F1 /* AppDelegate.swift */,
				FC5333FA1F8679E200D546F1 /* ViewController.swift */,
				FC5333FC1F8679E200D546F1 /* Document.swift */,
				FC5333FE1F8679E200D546F1 /* Assets.xcassets */,
				FC5334001F8679E200D546F1 /* Main.storyboard */,
				FC5334031F8679E200D546F1 /* Info.plist */,
				FC5334171F867A4F00D546F1 /* Barcode.swift */,
				FC30F6E61F868A21002C5657 /* Header.swift */,
				FC30F6EB1F869732002C5657 /* DataElement.swift */,
				FCC6175F1F87CE29002820C5 /* DataElementCountryIdentificationCode.swift */,
				FCC617611F87CE40002820C5 /* DataElementGender.swift */,
				FCC617631F87CE53002820C5 /* DataElementCardType.swift */,
				FCC617651F87CE6B002820C5 /* DataElementLengthType.swift */,
				FC30F6F01F86C888002C5657 /* DataElementFormatter.swift */,
				FCC6175D1F87CDE8002820C5 /* DataElementTruncation.swift */,
				FC30F6FC1F86D132002C5657 /* Data Elements */,
				FCB324951F87E755006AF035 /* DataElementFormatable.swift */,
				FC16BE3A1F8800BD00065602 /* DataElementEyeColor.swift */,
			);
			path = DriversLicenseBarcodeGenerator;
			sourceTree = "<group>";
		};
		FC53340B1F8679E200D546F1 /* DriversLicenseBarcodeGeneratorTests */ = {
			isa = PBXGroup;
			children = (
				FC30F6EE1F8697CB002C5657 /* DataElementTests.swift */,
				FC53340C1F8679E200D546F1 /* BarcodeTests.swift */,
				FC53340E1F8679E200D546F1 /* Info.plist */,
				FC30F6E91F868B04002C5657 /* HeaderTests.swift */,
				FC30F73F1F86D56E002C5657 /* Data Elements */,
				FCB3248C1F87D40A006AF035 /* DataElementFormatterTests.swift */,
				FCB324931F87D59A006AF035 /* DataElementLengthTypeTests.swift */,
			);
			path = DriversLicenseBarcodeGeneratorTests;
			sourceTree = "<group>";
		};
/* End PBXGroup section */

/* Begin PBXNativeTarget section */
		FC5333F41F8679E200D546F1 /* DriversLicenseBarcodeGenerator */ = {
			isa = PBXNativeTarget;
			buildConfigurationList = FC5334111F8679E200D546F1 /* Build configuration list for PBXNativeTarget "DriversLicenseBarcodeGenerator" */;
			buildPhases = (
				FC5333F11F8679E200D546F1 /* Sources */,
				FC5333F21F8679E200D546F1 /* Frameworks */,
				FC5333F31F8679E200D546F1 /* Resources */,
			);
			buildRules = (
			);
			dependencies = (
			);
			name = DriversLicenseBarcodeGenerator;
			productName = DriversLicenseBarcodeGenerator;
			productReference = FC5333F51F8679E200D546F1 /* DriversLicenseBarcodeGenerator.app */;
			productType = "com.apple.product-type.application";
		};
		FC5334071F8679E200D546F1 /* DriversLicenseBarcodeGeneratorTests */ = {
			isa = PBXNativeTarget;
			buildConfigurationList = FC5334141F8679E200D546F1 /* Build configuration list for PBXNativeTarget "DriversLicenseBarcodeGeneratorTests" */;
			buildPhases = (
				FC5334041F8679E200D546F1 /* Sources */,
				FC5334051F8679E200D546F1 /* Frameworks */,
				FC5334061F8679E200D546F1 /* Resources */,
			);
			buildRules = (
			);
			dependencies = (
				FC53340A1F8679E200D546F1 /* PBXTargetDependency */,
			);
			name = DriversLicenseBarcodeGeneratorTests;
			productName = DriversLicenseBarcodeGeneratorTests;
			productReference = FC5334081F8679E200D546F1 /* DriversLicenseBarcodeGeneratorTests.xctest */;
			productType = "com.apple.product-type.bundle.unit-test";
		};
/* End PBXNativeTarget section */

/* Begin PBXProject section */
		FC5333ED1F8679E200D546F1 /* Project object */ = {
			isa = PBXProject;
			attributes = {
				LastSwiftUpdateCheck = 0830;
				LastUpgradeCheck = 0900;
				ORGANIZATIONNAME = "Kyle Decot";
				TargetAttributes = {
					FC5333F41F8679E200D546F1 = {
						CreatedOnToolsVersion = 8.3.3;
						DevelopmentTeam = 74MF967YTF;
						LastSwiftMigration = 0900;
						ProvisioningStyle = Automatic;
					};
					FC5334071F8679E200D546F1 = {
						CreatedOnToolsVersion = 8.3.3;
						DevelopmentTeam = 74MF967YTF;
						LastSwiftMigration = 0900;
						ProvisioningStyle = Automatic;
						TestTargetID = FC5333F41F8679E200D546F1;
					};
				};
			};
			buildConfigurationList = FC5333F01F8679E200D546F1 /* Build configuration list for PBXProject "DriversLicenseBarcodeGenerator" */;
			compatibilityVersion = "Xcode 3.2";
			developmentRegion = English;
			hasScannedForEncodings = 0;
			knownRegions = (
				en,
				Base,
			);
			mainGroup = FC5333EC1F8679E200D546F1;
			productRefGroup = FC5333F61F8679E200D546F1 /* Products */;
			projectDirPath = "";
			projectRoot = "";
			targets = (
				FC5333F41F8679E200D546F1 /* DriversLicenseBarcodeGenerator */,
				FC5334071F8679E200D546F1 /* DriversLicenseBarcodeGeneratorTests */,
			);
		};
/* End PBXProject section */

/* Begin PBXResourcesBuildPhase section */
		FC5333F31F8679E200D546F1 /* Resources */ = {
			isa = PBXResourcesBuildPhase;
			buildActionMask = 2147483647;
			files = (
				FC5333FF1F8679E200D546F1 /* Assets.xcassets in Resources */,
				FC5334021F8679E200D546F1 /* Main.storyboard in Resources */,
			);
			runOnlyForDeploymentPostprocessing = 0;
		};
		FC5334061F8679E200D546F1 /* Resources */ = {
			isa = PBXResourcesBuildPhase;
			buildActionMask = 2147483647;
			files = (
			);
			runOnlyForDeploymentPostprocessing = 0;
		};
/* End PBXResourcesBuildPhase section */

/* Begin PBXSourcesBuildPhase section */
		FC5333F11F8679E200D546F1 /* Sources */ = {
			isa = PBXSourcesBuildPhase;
			buildActionMask = 2147483647;
			files = (
				FC30F72C1F86D4C1002C5657 /* DAQ.swift in Sources */,
				FCC617641F87CE53002820C5 /* DataElementCardType.swift in Sources */,
				FC30F7081F86D458002C5657 /* DCS.swift in Sources */,
				FC30F7231F86D4A7002C5657 /* DAI.swift in Sources */,
				FC30F72F1F86D4CA002C5657 /* DCF.swift in Sources */,
				FCB324961F87E755006AF035 /* DataElementFormatable.swift in Sources */,
				FC30F7111F86D473002C5657 /* DBD.swift in Sources */,
				FC30F7351F86D4D7002C5657 /* DDE.swift in Sources */,
				FC30F7261F86D4B0002C5657 /* DAJ.swift in Sources */,
				FCC6175E1F87CDE8002820C5 /* DataElementTruncation.swift in Sources */,
				FC16BE3B1F8800BD00065602 /* DataElementEyeColor.swift in Sources */,
				FC30F73B1F86D4E4002C5657 /* DDG.swift in Sources */,
				FC30F7201F86D49C002C5657 /* DAG.swift in Sources */,
				FC30F6E71F868A21002C5657 /* Header.swift in Sources */,
				FCC617621F87CE40002820C5 /* DataElementGender.swift in Sources */,
				FC5333FB1F8679E200D546F1 /* ViewController.swift in Sources */,
				FC30F7321F86D4D0002C5657 /* DCG.swift in Sources */,
				FC30F7011F86D28D002C5657 /* DCD.swift in Sources */,
				FC30F7291F86D4B9002C5657 /* DAK.swift in Sources */,
				FC5333F91F8679E200D546F1 /* AppDelegate.swift in Sources */,
				FC30F6FA1F86CC74002C5657 /* DCA.swift in Sources */,
				FC5333FD1F8679E200D546F1 /* Document.swift in Sources */,
				FC30F71D1F86D495002C5657 /* DAU.swift in Sources */,
				FC30F7041F86D2BE002C5657 /* DBA.swift in Sources */,
				FCC617601F87CE29002820C5 /* DataElementCountryIdentificationCode.swift in Sources */,
				FC30F70B1F86D460002C5657 /* DAC.swift in Sources */,
				FCC617661F87CE6B002820C5 /* DataElementLengthType.swift in Sources */,
				FC30F6F11F86C888002C5657 /* DataElementFormatter.swift in Sources */,
				FC30F7141F86D47D002C5657 /* DBB.swift in Sources */,
				FC30F7171F86D485002C5657 /* DBC.swift in Sources */,
				FC30F71A1F86D48E002C5657 /* DAY.swift in Sources */,
				FC30F7381F86D4DD002C5657 /* DDF.swift in Sources */,
				FC30F6FE1F86D252002C5657 /* DCB.swift in Sources */,
				FC30F6EC1F869732002C5657 /* DataElement.swift in Sources */,
				FC30F70E1F86D46C002C5657 /* DAD.swift in Sources */,
				FC5334181F867A4F00D546F1 /* Barcode.swift in Sources */,
			);
			runOnlyForDeploymentPostprocessing = 0;
		};
		FC5334041F8679E200D546F1 /* Sources */ = {
			isa = PBXSourcesBuildPhase;
			buildActionMask = 2147483647;
			files = (
				FC30F72D1F86D4C1002C5657 /* DAQ.swift in Sources */,
				FC30F7091F86D458002C5657 /* DCS.swift in Sources */,
				FC16BE3C1F8801CB00065602 /* DataElementEyeColor.swift in Sources */,
				FC16BE2A1F87FA4300065602 /* DCSTests.swift in Sources */,
				FCB324911F87D525006AF035 /* DataElementCountryIdentificationCode.swift in Sources */,
				FCB324901F87D4B1006AF035 /* DataElementLengthType.swift in Sources */,
				FC30F7241F86D4A7002C5657 /* DAI.swift in Sources */,
				FC30F7301F86D4CA002C5657 /* DCF.swift in Sources */,
				FC30F7121F86D473002C5657 /* DBD.swift in Sources */,
				FCB3249A1F87E88F006AF035 /* DDETests.swift in Sources */,
				FCB3248D1F87D40A006AF035 /* DataElementFormatterTests.swift in Sources */,
				FC16BE391F88008B00065602 /* DAYTests.swift in Sources */,
				FC30F7361F86D4D7002C5657 /* DDE.swift in Sources */,
				FC16BE301F87FB5900065602 /* DBDTests.swift in Sources */,
				FCB3248E1F87D4AE006AF035 /* DataElementGender.swift in Sources */,
				FCB324921F87D531006AF035 /* DataElementTruncation.swift in Sources */,
				FC16BE351F87FFA500065602 /* DBBTests.swift in Sources */,
				FC30F7271F86D4B0002C5657 /* DAJ.swift in Sources */,
				FCB324941F87D59A006AF035 /* DataElementLengthTypeTests.swift in Sources */,
				FC30F73C1F86D4E4002C5657 /* DDG.swift in Sources */,
				FC16BE261F87F84200065602 /* DataElementFormatable.swift in Sources */,
				FC30F7211F86D49C002C5657 /* DAG.swift in Sources */,
				FCDFB1F71F87B167003FBC60 /* DCATests.swift in Sources */,
				FC30F73E1F86D56A002C5657 /* DCGTests.swift in Sources */,
				FC30F6EF1F8697CB002C5657 /* DataElementTests.swift in Sources */,
				FC16BE2E1F87FAF500065602 /* DADTests.swift in Sources */,
				FC16BE3E1F8819A100065602 /* DAKTests.swift in Sources */,
				FC30F6ED1F869732002C5657 /* DataElement.swift in Sources */,
				FC30F7331F86D4D0002C5657 /* DCG.swift in Sources */,
				FC30F7021F86D28D002C5657 /* DCD.swift in Sources */,
				FC30F72A1F86D4B9002C5657 /* DAK.swift in Sources */,
				FC30F6EA1F868B04002C5657 /* HeaderTests.swift in Sources */,
				FC16BE2C1F87FABB00065602 /* DACTests.swift in Sources */,
				FC30F6FB1F86CC74002C5657 /* DCA.swift in Sources */,
				FCB3248F1F87D4B0006AF035 /* DataElementCardType.swift in Sources */,
				FC53340D1F8679E200D546F1 /* BarcodeTests.swift in Sources */,
				FC30F71E1F86D495002C5657 /* DAU.swift in Sources */,
				FC30F7051F86D2BE002C5657 /* DBA.swift in Sources */,
				FC30F70C1F86D460002C5657 /* DAC.swift in Sources */,
				FC16BE371F88000C00065602 /* DBCTests.swift in Sources */,
				FC30F6F21F86C888002C5657 /* DataElementFormatter.swift in Sources */,
				FC30F7151F86D47D002C5657 /* DBB.swift in Sources */,
				FC30F7181F86D485002C5657 /* DBC.swift in Sources */,
				FC16BE281F87F99900065602 /* DAUTests.swift in Sources */,
				FC30F71B1F86D48E002C5657 /* DAY.swift in Sources */,
				FC30F7391F86D4DD002C5657 /* DDF.swift in Sources */,
				FC30F6FF1F86D252002C5657 /* DCB.swift in Sources */,
				FC30F6E81F868A21002C5657 /* Header.swift in Sources */,
				FC30F70F1F86D46C002C5657 /* DAD.swift in Sources */,
				FC53341A1F867B3E00D546F1 /* Barcode.swift in Sources */,
			);
			runOnlyForDeploymentPostprocessing = 0;
		};
/* End PBXSourcesBuildPhase section */

/* Begin PBXTargetDependency section */
		FC53340A1F8679E200D546F1 /* PBXTargetDependency */ = {
			isa = PBXTargetDependency;
			target = FC5333F41F8679E200D546F1 /* DriversLicenseBarcodeGenerator */;
			targetProxy = FC5334091F8679E200D546F1 /* PBXContainerItemProxy */;
		};
/* End PBXTargetDependency section */

/* Begin PBXVariantGroup section */
		FC5334001F8679E200D546F1 /* Main.storyboard */ = {
			isa = PBXVariantGroup;
			children = (
				FC5334011F8679E200D546F1 /* Base */,
			);
			name = Main.storyboard;
			sourceTree = "<group>";
		};
/* End PBXVariantGroup section */

/* Begin XCBuildConfiguration section */
		FC53340F1F8679E200D546F1 /* Debug */ = {
			isa = XCBuildConfiguration;
			buildSettings = {
				ALWAYS_SEARCH_USER_PATHS = NO;
				CLANG_ANALYZER_NONNULL = YES;
				CLANG_ANALYZER_NUMBER_OBJECT_CONVERSION = YES_AGGRESSIVE;
				CLANG_CXX_LANGUAGE_STANDARD = "gnu++0x";
				CLANG_CXX_LIBRARY = "libc++";
				CLANG_ENABLE_MODULES = YES;
				CLANG_ENABLE_OBJC_ARC = YES;
				CLANG_WARN_BLOCK_CAPTURE_AUTORELEASING = YES;
				CLANG_WARN_BOOL_CONVERSION = YES;
				CLANG_WARN_COMMA = YES;
				CLANG_WARN_CONSTANT_CONVERSION = YES;
				CLANG_WARN_DIRECT_OBJC_ISA_USAGE = YES_ERROR;
				CLANG_WARN_DOCUMENTATION_COMMENTS = YES;
				CLANG_WARN_EMPTY_BODY = YES;
				CLANG_WARN_ENUM_CONVERSION = YES;
				CLANG_WARN_INFINITE_RECURSION = YES;
				CLANG_WARN_INT_CONVERSION = YES;
				CLANG_WARN_NON_LITERAL_NULL_CONVERSION = YES;
				CLANG_WARN_OBJC_LITERAL_CONVERSION = YES;
				CLANG_WARN_OBJC_ROOT_CLASS = YES_ERROR;
				CLANG_WARN_RANGE_LOOP_ANALYSIS = YES;
				CLANG_WARN_STRICT_PROTOTYPES = YES;
				CLANG_WARN_SUSPICIOUS_MOVE = YES;
				CLANG_WARN_UNREACHABLE_CODE = YES;
				CLANG_WARN__DUPLICATE_METHOD_MATCH = YES;
				CODE_SIGN_IDENTITY = "-";
				COPY_PHASE_STRIP = NO;
				DEBUG_INFORMATION_FORMAT = dwarf;
				ENABLE_STRICT_OBJC_MSGSEND = YES;
				ENABLE_TESTABILITY = YES;
				GCC_C_LANGUAGE_STANDARD = gnu99;
				GCC_DYNAMIC_NO_PIC = NO;
				GCC_NO_COMMON_BLOCKS = YES;
				GCC_OPTIMIZATION_LEVEL = 0;
				GCC_PREPROCESSOR_DEFINITIONS = (
					"DEBUG=1",
					"$(inherited)",
				);
				GCC_WARN_64_TO_32_BIT_CONVERSION = YES;
				GCC_WARN_ABOUT_RETURN_TYPE = YES_ERROR;
				GCC_WARN_UNDECLARED_SELECTOR = YES;
				GCC_WARN_UNINITIALIZED_AUTOS = YES_AGGRESSIVE;
				GCC_WARN_UNUSED_FUNCTION = YES;
				GCC_WARN_UNUSED_VARIABLE = YES;
				MACOSX_DEPLOYMENT_TARGET = 10.12;
				MTL_ENABLE_DEBUG_INFO = YES;
				ONLY_ACTIVE_ARCH = YES;
				SDKROOT = macosx;
				SWIFT_ACTIVE_COMPILATION_CONDITIONS = DEBUG;
				SWIFT_OPTIMIZATION_LEVEL = "-Onone";
			};
			name = Debug;
		};
		FC5334101F8679E200D546F1 /* Release */ = {
			isa = XCBuildConfiguration;
			buildSettings = {
				ALWAYS_SEARCH_USER_PATHS = NO;
				CLANG_ANALYZER_NONNULL = YES;
				CLANG_ANALYZER_NUMBER_OBJECT_CONVERSION = YES_AGGRESSIVE;
				CLANG_CXX_LANGUAGE_STANDARD = "gnu++0x";
				CLANG_CXX_LIBRARY = "libc++";
				CLANG_ENABLE_MODULES = YES;
				CLANG_ENABLE_OBJC_ARC = YES;
				CLANG_WARN_BLOCK_CAPTURE_AUTORELEASING = YES;
				CLANG_WARN_BOOL_CONVERSION = YES;
				CLANG_WARN_COMMA = YES;
				CLANG_WARN_CONSTANT_CONVERSION = YES;
				CLANG_WARN_DIRECT_OBJC_ISA_USAGE = YES_ERROR;
				CLANG_WARN_DOCUMENTATION_COMMENTS = YES;
				CLANG_WARN_EMPTY_BODY = YES;
				CLANG_WARN_ENUM_CONVERSION = YES;
				CLANG_WARN_INFINITE_RECURSION = YES;
				CLANG_WARN_INT_CONVERSION = YES;
				CLANG_WARN_NON_LITERAL_NULL_CONVERSION = YES;
				CLANG_WARN_OBJC_LITERAL_CONVERSION = YES;
				CLANG_WARN_OBJC_ROOT_CLASS = YES_ERROR;
				CLANG_WARN_RANGE_LOOP_ANALYSIS = YES;
				CLANG_WARN_STRICT_PROTOTYPES = YES;
				CLANG_WARN_SUSPICIOUS_MOVE = YES;
				CLANG_WARN_UNREACHABLE_CODE = YES;
				CLANG_WARN__DUPLICATE_METHOD_MATCH = YES;
				CODE_SIGN_IDENTITY = "-";
				COPY_PHASE_STRIP = NO;
				DEBUG_INFORMATION_FORMAT = "dwarf-with-dsym";
				ENABLE_NS_ASSERTIONS = NO;
				ENABLE_STRICT_OBJC_MSGSEND = YES;
				GCC_C_LANGUAGE_STANDARD = gnu99;
				GCC_NO_COMMON_BLOCKS = YES;
				GCC_WARN_64_TO_32_BIT_CONVERSION = YES;
				GCC_WARN_ABOUT_RETURN_TYPE = YES_ERROR;
				GCC_WARN_UNDECLARED_SELECTOR = YES;
				GCC_WARN_UNINITIALIZED_AUTOS = YES_AGGRESSIVE;
				GCC_WARN_UNUSED_FUNCTION = YES;
				GCC_WARN_UNUSED_VARIABLE = YES;
				MACOSX_DEPLOYMENT_TARGET = 10.12;
				MTL_ENABLE_DEBUG_INFO = NO;
				SDKROOT = macosx;
				SWIFT_OPTIMIZATION_LEVEL = "-Owholemodule";
			};
			name = Release;
		};
		FC5334121F8679E200D546F1 /* Debug */ = {
			isa = XCBuildConfiguration;
			buildSettings = {
				ASSETCATALOG_COMPILER_APPICON_NAME = AppIcon;
				CODE_SIGN_IDENTITY = "Mac Developer";
				COMBINE_HIDPI_IMAGES = YES;
				DEVELOPMENT_TEAM = 74MF967YTF;
				INFOPLIST_FILE = DriversLicenseBarcodeGenerator/Info.plist;
				LD_RUNPATH_SEARCH_PATHS = "$(inherited) @executable_path/../Frameworks";
				PRODUCT_BUNDLE_IDENTIFIER = com.kyledecot.DriversLicenseBarcodeGenerator;
				PRODUCT_NAME = "$(TARGET_NAME)";
				PROVISIONING_PROFILE_SPECIFIER = "";
				SWIFT_SWIFT3_OBJC_INFERENCE = Default;
				SWIFT_VERSION = 4.0;
			};
			name = Debug;
		};
		FC5334131F8679E200D546F1 /* Release */ = {
			isa = XCBuildConfiguration;
			buildSettings = {
				ASSETCATALOG_COMPILER_APPICON_NAME = AppIcon;
				CODE_SIGN_IDENTITY = "Mac Developer";
				COMBINE_HIDPI_IMAGES = YES;
				DEVELOPMENT_TEAM = 74MF967YTF;
				INFOPLIST_FILE = DriversLicenseBarcodeGenerator/Info.plist;
				LD_RUNPATH_SEARCH_PATHS = "$(inherited) @executable_path/../Frameworks";
				PRODUCT_BUNDLE_IDENTIFIER = com.kyledecot.DriversLicenseBarcodeGenerator;
				PRODUCT_NAME = "$(TARGET_NAME)";
				PROVISIONING_PROFILE_SPECIFIER = "";
				SWIFT_SWIFT3_OBJC_INFERENCE = Default;
				SWIFT_VERSION = 4.0;
			};
			name = Release;
		};
		FC5334151F8679E200D546F1 /* Debug */ = {
			isa = XCBuildConfiguration;
			buildSettings = {
				ALWAYS_EMBED_SWIFT_STANDARD_LIBRARIES = YES;
				BUNDLE_LOADER = "$(TEST_HOST)";
				CODE_SIGN_IDENTITY = "Mac Developer";
				COMBINE_HIDPI_IMAGES = YES;
				DEVELOPMENT_TEAM = 74MF967YTF;
				INFOPLIST_FILE = DriversLicenseBarcodeGeneratorTests/Info.plist;
				LD_RUNPATH_SEARCH_PATHS = "$(inherited) @executable_path/../Frameworks @loader_path/../Frameworks";
				PRODUCT_BUNDLE_IDENTIFIER = com.kyledecot.DriversLicenseBarcodeGeneratorTests;
				PRODUCT_NAME = "$(TARGET_NAME)";
				PROVISIONING_PROFILE_SPECIFIER = "";
				SWIFT_SWIFT3_OBJC_INFERENCE = Default;
				SWIFT_VERSION = 4.0;
				TEST_HOST = "$(BUILT_PRODUCTS_DIR)/DriversLicenseBarcodeGenerator.app/Contents/MacOS/DriversLicenseBarcodeGenerator";
			};
			name = Debug;
		};
		FC5334161F8679E200D546F1 /* Release */ = {
			isa = XCBuildConfiguration;
			buildSettings = {
				ALWAYS_EMBED_SWIFT_STANDARD_LIBRARIES = YES;
				BUNDLE_LOADER = "$(TEST_HOST)";
				CODE_SIGN_IDENTITY = "Mac Developer";
				COMBINE_HIDPI_IMAGES = YES;
				DEVELOPMENT_TEAM = 74MF967YTF;
				INFOPLIST_FILE = DriversLicenseBarcodeGeneratorTests/Info.plist;
				LD_RUNPATH_SEARCH_PATHS = "$(inherited) @executable_path/../Frameworks @loader_path/../Frameworks";
				PRODUCT_BUNDLE_IDENTIFIER = com.kyledecot.DriversLicenseBarcodeGeneratorTests;
				PRODUCT_NAME = "$(TARGET_NAME)";
				PROVISIONING_PROFILE_SPECIFIER = "";
				SWIFT_SWIFT3_OBJC_INFERENCE = Default;
				SWIFT_VERSION = 4.0;
				TEST_HOST = "$(BUILT_PRODUCTS_DIR)/DriversLicenseBarcodeGenerator.app/Contents/MacOS/DriversLicenseBarcodeGenerator";
			};
			name = Release;
		};
/* End XCBuildConfiguration section */

/* Begin XCConfigurationList section */
		FC5333F01F8679E200D546F1 /* Build configuration list for PBXProject "DriversLicenseBarcodeGenerator" */ = {
			isa = XCConfigurationList;
			buildConfigurations = (
				FC53340F1F8679E200D546F1 /* Debug */,
				FC5334101F8679E200D546F1 /* Release */,
			);
			defaultConfigurationIsVisible = 0;
			defaultConfigurationName = Release;
		};
		FC5334111F8679E200D546F1 /* Build configuration list for PBXNativeTarget "DriversLicenseBarcodeGenerator" */ = {
			isa = XCConfigurationList;
			buildConfigurations = (
				FC5334121F8679E200D546F1 /* Debug */,
				FC5334131F8679E200D546F1 /* Release */,
			);
			defaultConfigurationIsVisible = 0;
			defaultConfigurationName = Release;
		};
		FC5334141F8679E200D546F1 /* Build configuration list for PBXNativeTarget "DriversLicenseBarcodeGeneratorTests" */ = {
			isa = XCConfigurationList;
			buildConfigurations = (
				FC5334151F8679E200D546F1 /* Debug */,
				FC5334161F8679E200D546F1 /* Release */,
			);
			defaultConfigurationIsVisible = 0;
			defaultConfigurationName = Release;
		};
/* End XCConfigurationList section */
	};
	rootObject = FC5333ED1F8679E200D546F1 /* Project object */;
}
